
Microsoft Visual Studio Solution File, Format Version 12.00
# Visual Studio Version 16
VisualStudioVersion = 16.0.29025.244
MinimumVisualStudioVersion = 10.0.40219.1
Project("{FAE04EC0-301F-11D3-BF4B-00C04F79EFBC}") = "力扣", "力扣.csproj", "{35B126A8-328E-4E50-9479-17AB662A0421}"
EndProject
Global
	GlobalSection(SolutionConfigurationPlatforms) = preSolution
		Debug|Any CPU = Debug|Any CPU
		Release|Any CPU = Release|Any CPU
	EndGlobalSection
	GlobalSection(ProjectConfigurationPlatforms) = postSolution
		{35B126A8-328E-4E50-9479-17AB662A0421}.Debug|Any CPU.ActiveCfg = Debug|Any CPU
		{35B126A8-328E-4E50-9479-17AB662A0421}.Debug|Any CPU.Build.0 = Debug|Any CPU
		{35B126A8-328E-4E50-9479-17AB662A0421}.Release|Any CPU.ActiveCfg = Release|Any CPU
		{35B126A8-328E-4E50-9479-17AB662A0421}.Release|Any CPU.Build.0 = Release|Any CPU
	EndGlobalSection
	GlobalSection(SolutionProperties) = preSolution
		HideSolutionNode = FALSE
	EndGlobalSection
	GlobalSection(ExtensibilityGlobals) = postSolution
		SolutionGuid = {8B88696E-23E9-4FD5-BEE4-F660D9F06343}
	EndGlobalSection
EndGlobal
